{
  "name": "3.8",
  "lockfileVersion": 3,
  "requires": true,
  "packages": {
    "": {
      "dependencies": {
        "types-registry": "^0.1.635"
      }
    },
    "node_modules/types-registry": {
      "version": "0.1.635",
      "resolved": "https://registry.npmjs.org/types-registry/-/types-registry-0.1.635.tgz",
      "integrity": "sha512-pdqjMnmWwWa2THS13txJr51bnzJD70IPczulkyW+yB0xecCuudwRyb3/654pmSXn2SULkkuHEpJL8fsK7rASqQ=="
    }
  }
}
